
Microsoft Visual Studio Solution File, Format Version 12.00
# Visual Studio Version 17
VisualStudioVersion = 17.1.32210.238
MinimumVisualStudioVersion = 10.0.40219.1
Project("{FAE04EC0-301F-11D3-BF4B-00C04F79EFBC}") = "sand_A", "sand_A\sand_A.csproj", "{B2037C68-34ED-43F9-9303-D876BC8DA184}"
EndProject
Project("{FAE04EC0-301F-11D3-BF4B-00C04F79EFBC}") = "sand_B", "contest_A\sand_B.csproj", "{FA335EBF-F75F-49DE-8D5D-58563D98D1CE}"
EndProject
Project("{9A19103F-16F7-4668-BE54-9A1E7A4F7556}") = "sand_C", "sand_C\sand_C.csproj", "{027068BE-C471-4271-9A46-A157E99D4C2A}"
EndProject
Project("{9A19103F-16F7-4668-BE54-9A1E7A4F7556}") = "sand_D", "sand_D\sand_D.csproj", "{5FF01C33-86C9-4D85-AF3C-32CEC32A13FB}"
EndProject
Project("{9A19103F-16F7-4668-BE54-9A1E7A4F7556}") = "sand_E", "sand_E\sand_E.csproj", "{5142A835-799A-4334-99C8-158BBD4FDF3E}"
EndProject
Project("{FAE04EC0-301F-11D3-BF4B-00C04F79EFBC}") = "sand_F", "sand_F\sand_F.csproj", "{9DF7CA7D-50B8-4195-B67D-D11F84F0E4EC}"
EndProject
Project("{FAE04EC0-301F-11D3-BF4B-00C04F79EFBC}") = "sand_G", "sand_G\sand_G.csproj", "{0A0753BE-4400-4C54-99F1-B791CDDDD61B}"
EndProject
Global
	GlobalSection(SolutionConfigurationPlatforms) = preSolution
		Debug|Any CPU = Debug|Any CPU
		Release|Any CPU = Release|Any CPU
	EndGlobalSection
	GlobalSection(ProjectConfigurationPlatforms) = postSolution
		{B2037C68-34ED-43F9-9303-D876BC8DA184}.Debug|Any CPU.ActiveCfg = Debug|Any CPU
		{B2037C68-34ED-43F9-9303-D876BC8DA184}.Debug|Any CPU.Build.0 = Debug|Any CPU
		{B2037C68-34ED-43F9-9303-D876BC8DA184}.Release|Any CPU.ActiveCfg = Release|Any CPU
		{B2037C68-34ED-43F9-9303-D876BC8DA184}.Release|Any CPU.Build.0 = Release|Any CPU
		{FA335EBF-F75F-49DE-8D5D-58563D98D1CE}.Debug|Any CPU.ActiveCfg = Debug|Any CPU
		{FA335EBF-F75F-49DE-8D5D-58563D98D1CE}.Debug|Any CPU.Build.0 = Debug|Any CPU
		{FA335EBF-F75F-49DE-8D5D-58563D98D1CE}.Release|Any CPU.ActiveCfg = Release|Any CPU
		{FA335EBF-F75F-49DE-8D5D-58563D98D1CE}.Release|Any CPU.Build.0 = Release|Any CPU
		{027068BE-C471-4271-9A46-A157E99D4C2A}.Debug|Any CPU.ActiveCfg = Debug|Any CPU
		{027068BE-C471-4271-9A46-A157E99D4C2A}.Debug|Any CPU.Build.0 = Debug|Any CPU
		{027068BE-C471-4271-9A46-A157E99D4C2A}.Release|Any CPU.ActiveCfg = Release|Any CPU
		{027068BE-C471-4271-9A46-A157E99D4C2A}.Release|Any CPU.Build.0 = Release|Any CPU
		{5FF01C33-86C9-4D85-AF3C-32CEC32A13FB}.Debug|Any CPU.ActiveCfg = Debug|Any CPU
		{5FF01C33-86C9-4D85-AF3C-32CEC32A13FB}.Debug|Any CPU.Build.0 = Debug|Any CPU
		{5FF01C33-86C9-4D85-AF3C-32CEC32A13FB}.Release|Any CPU.ActiveCfg = Release|Any CPU
		{5FF01C33-86C9-4D85-AF3C-32CEC32A13FB}.Release|Any CPU.Build.0 = Release|Any CPU
		{5142A835-799A-4334-99C8-158BBD4FDF3E}.Debug|Any CPU.ActiveCfg = Debug|Any CPU
		{5142A835-799A-4334-99C8-158BBD4FDF3E}.Debug|Any CPU.Build.0 = Debug|Any CPU
		{5142A835-799A-4334-99C8-158BBD4FDF3E}.Release|Any CPU.ActiveCfg = Release|Any CPU
		{5142A835-799A-4334-99C8-158BBD4FDF3E}.Release|Any CPU.Build.0 = Release|Any CPU
		{9DF7CA7D-50B8-4195-B67D-D11F84F0E4EC}.Debug|Any CPU.ActiveCfg = Debug|Any CPU
		{9DF7CA7D-50B8-4195-B67D-D11F84F0E4EC}.Debug|Any CPU.Build.0 = Debug|Any CPU
		{9DF7CA7D-50B8-4195-B67D-D11F84F0E4EC}.Release|Any CPU.ActiveCfg = Release|Any CPU
		{9DF7CA7D-50B8-4195-B67D-D11F84F0E4EC}.Release|Any CPU.Build.0 = Release|Any CPU
		{0A0753BE-4400-4C54-99F1-B791CDDDD61B}.Debug|Any CPU.ActiveCfg = Debug|Any CPU
		{0A0753BE-4400-4C54-99F1-B791CDDDD61B}.Debug|Any CPU.Build.0 = Debug|Any CPU
		{0A0753BE-4400-4C54-99F1-B791CDDDD61B}.Release|Any CPU.ActiveCfg = Release|Any CPU
		{0A0753BE-4400-4C54-99F1-B791CDDDD61B}.Release|Any CPU.Build.0 = Release|Any CPU
	EndGlobalSection
	GlobalSection(SolutionProperties) = preSolution
		HideSolutionNode = FALSE
	EndGlobalSection
	GlobalSection(ExtensibilityGlobals) = postSolution
		SolutionGuid = {C941138D-0A0C-4B3E-95EB-764E7D8F0649}
	EndGlobalSection
EndGlobal
